// !$*UTF8*$!
{
	archiveVersion = 1;
	classes = {
	};
	objectVersion = 55;
	objects = {

/* Begin PBXBuildFile section */
		430243AB27E4E1F500540935 /* AppDelegate.m in Sources */ = {isa = PBXBuildFile; fileRef = 430243AA27E4E1F500540935 /* AppDelegate.m */; };
		430243AE27E4E1F500540935 /* SceneDelegate.m in Sources */ = {isa = PBXBuildFile; fileRef = 430243AD27E4E1F500540935 /* SceneDelegate.m */; };
		430243B127E4E1F600540935 /* ViewController.m in Sources */ = {isa = PBXBuildFile; fileRef = 430243B027E4E1F600540935 /* ViewController.m */; };
		430243B427E4E1F600540935 /* Main.storyboard in Resources */ = {isa = PBXBuildFile; fileRef = 430243B227E4E1F600540935 /* Main.storyboard */; };
		430243B627E4E1F900540935 /* Assets.xcassets in Resources */ = {isa = PBXBuildFile; fileRef = 430243B527E4E1F900540935 /* Assets.xcassets */; };
		430243B927E4E1F900540935 /* LaunchScreen.storyboard in Resources */ = {isa = PBXBuildFile; fileRef = 430243B727E4E1F900540935 /* LaunchScreen.storyboard */; };
		430243BC27E4E1F900540935 /* main.m in Sources */ = {isa = PBXBuildFile; fileRef = 430243BB27E4E1F900540935 /* main.m */; };
		430243C427E4E23900540935 /* fishhook.c in Sources */ = {isa = PBXBuildFile; fileRef = 430243C327E4E23900540935 /* fishhook.c */; };
/* End PBXBuildFile section */

/* Begin PBXFileReference section */
		430243A627E4E1F500540935 /* HWFishhookDemo.app */ = {isa = PBXFileReference; explicitFileType = wrapper.application; includeInIndex = 0; path = HWFishhookDemo.app; sourceTree = BUILT_PRODUCTS_DIR; };
		430243A927E4E1F500540935 /* AppDelegate.h */ = {isa = PBXFileReference; lastKnownFileType = sourcecode.c.h; path = AppDelegate.h; sourceTree = "<group>"; };
		430243AA27E4E1F500540935 /* AppDelegate.m */ = {isa = PBXFileReference; lastKnownFileType = sourcecode.c.objc; path = AppDelegate.m; sourceTree = "<group>"; };
		430243AC27E4E1F500540935 /* SceneDelegate.h */ = {isa = PBXFileReference; lastKnownFileType = sourcecode.c.h; path = SceneDelegate.h; sourceTree = "<group>"; };
		430243AD27E4E1F500540935 /* SceneDelegate.m */ = {isa = PBXFileReference; lastKnownFileType = sourcecode.c.objc; path = SceneDelegate.m; sourceTree = "<group>"; };
		430243AF27E4E1F500540935 /* ViewController.h */ = {isa = PBXFileReference; lastKnownFileType = sourcecode.c.h; path = ViewController.h; sourceTree = "<group>"; };
		430243B027E4E1F600540935 /* ViewController.m */ = {isa = PBXFileReference; lastKnownFileType = sourcecode.c.objc; path = ViewController.m; sourceTree = "<group>"; };
		430243B327E4E1F600540935 /* Base */ = {isa = PBXFileReference; lastKnownFileType = file.storyboard; name = Base; path = Base.lproj/Main.storyboard; sourceTree = "<group>"; };
		430243B527E4E1F900540935 /* Assets.xcassets */ = {isa = PBXFileReference; lastKnownFileType = folder.assetcatalog; path = Assets.xcassets; sourceTree = "<group>"; };
		430243B827E4E1F900540935 /* Base */ = {isa = PBXFileReference; lastKnownFileType = file.storyboard; name = Base; path = Base.lproj/LaunchScreen.storyboard; sourceTree = "<group>"; };
		430243BA27E4E1F900540935 /* Info.plist */ = {isa = PBXFileReference; lastKnownFileType = text.plist.xml; path = Info.plist; sourceTree = "<group>"; };
		430243BB27E4E1F900540935 /* main.m */ = {isa = PBXFileReference; lastKnownFileType = sourcecode.c.objc; path = main.m; sourceTree = "<group>"; };
		430243C227E4E23900540935 /* fishhook.h */ = {isa = PBXFileReference; fileEncoding = 4; lastKnownFileType = sourcecode.c.h; name = fishhook.h; path = ../../fishhook.h; sourceTree = "<group>"; };
		430243C327E4E23900540935 /* fishhook.c */ = {isa = PBXFileReference; fileEncoding = 4; lastKnownFileType = sourcecode.c.c; name = fishhook.c; path = ../../fishhook.c; sourceTree = "<group>"; };
/* End PBXFileReference section */

/* Begin PBXFrameworksBuildPhase section */
		430243A327E4E1F500540935 /* Frameworks */ = {
			isa = PBXFrameworksBuildPhase;
			buildActionMask = 2147483647;
			files = (
			);
			runOnlyForDeploymentPostprocessing = 0;
		};
/* End PBXFrameworksBuildPhase section */

/* Begin PBXGroup section */
		4302439D27E4E1F500540935 = {
			isa = PBXGroup;
			children = (
				430243A827E4E1F500540935 /* HWFishhookDemo */,
				430243A727E4E1F500540935 /* Products */,
			);
			sourceTree = "<group>";
		};
		430243A727E4E1F500540935 /* Products */ = {
			isa = PBXGroup;
			children = (
				430243A627E4E1F500540935 /* HWFishhookDemo.app */,
			);
			name = Products;
			sourceTree = "<group>";
		};
		430243A827E4E1F500540935 /* HWFishhookDemo */ = {
			isa = PBXGroup;
			children = (
				430243C327E4E23900540935 /* fishhook.c */,
				430243C227E4E23900540935 /* fishhook.h */,
				430243A927E4E1F500540935 /* AppDelegate.h */,
				430243AA27E4E1F500540935 /* AppDelegate.m */,
				430243AC27E4E1F500540935 /* SceneDelegate.h */,
				430243AD27E4E1F500540935 /* SceneDelegate.m */,
				430243AF27E4E1F500540935 /* ViewController.h */,
				430243B027E4E1F600540935 /* ViewController.m */,
				430243B227E4E1F600540935 /* Main.storyboard */,
				430243B527E4E1F900540935 /* Assets.xcassets */,
				430243B727E4E1F900540935 /* LaunchScreen.storyboard */,
				430243BA27E4E1F900540935 /* Info.plist */,
				430243BB27E4E1F900540935 /* main.m */,
			);
			path = HWFishhookDemo;
			sourceTree = "<group>";
		};
/* End PBXGroup section */

/* Begin PBXNativeTarget section */
		430243A527E4E1F500540935 /* HWFishhookDemo */ = {
			isa = PBXNativeTarget;
			buildConfigurationList = 430243BF27E4E1F900540935 /* Build configuration list for PBXNativeTarget "HWFishhookDemo" */;
			buildPhases = (
				430243A227E4E1F500540935 /* Sources */,
				430243A327E4E1F500540935 /* Frameworks */,
				430243A427E4E1F500540935 /* Resources */,
			);
			buildRules = (
			);
			dependencies = (
			);
			name = HWFishhookDemo;
			productName = HWFishhookDemo;
			productReference = 430243A627E4E1F500540935 /* HWFishhookDemo.app */;
			productType = "com.apple.product-type.application";
		};
/* End PBXNativeTarget section */

/* Begin PBXProject section */
		4302439E27E4E1F500540935 /* Project object */ = {
			isa = PBXProject;
			attributes = {
				BuildIndependentTargetsInParallel = 1;
				LastUpgradeCheck = 1330;
				TargetAttributes = {
					430243A527E4E1F500540935 = {
						CreatedOnToolsVersion = 13.3;
					};
				};
			};
			buildConfigurationList = 430243A127E4E1F500540935 /* Build configuration list for PBXProject "HWFishhookDemo" */;
			compatibilityVersion = "Xcode 13.0";
			developmentRegion = en;
			hasScannedForEncodings = 0;
			knownRegions = (
				en,
				Base,
			);
			mainGroup = 4302439D27E4E1F500540935;
			productRefGroup = 430243A727E4E1F500540935 /* Products */;
			projectDirPath = "";
			projectRoot = "";
			targets = (
				430243A527E4E1F500540935 /* HWFishhookDemo */,
			);
		};
/* End PBXProject section */

/* Begin PBXResourcesBuildPhase section */
		430243A427E4E1F500540935 /* Resources */ = {
			isa = PBXResourcesBuildPhase;
			buildActionMask = 2147483647;
			files = (
				430243B927E4E1F900540935 /* LaunchScreen.storyboard in Resources */,
				430243B627E4E1F900540935 /* Assets.xcassets in Resources */,
				430243B427E4E1F600540935 /* Main.storyboard in Resources */,
			);
			runOnlyForDeploymentPostprocessing = 0;
		};
/* End PBXResourcesBuildPhase section */

/* Begin PBXSourcesBuildPhase section */
		430243A227E4E1F500540935 /* Sources */ = {
			isa = PBXSourcesBuildPhase;
			buildActionMask = 2147483647;
			files = (
				430243B127E4E1F600540935 /* ViewController.m in Sources */,
				430243C427E4E23900540935 /* fishhook.c in Sources */,
				430243AB27E4E1F500540935 /* AppDelegate.m in Sources */,
				430243BC27E4E1F900540935 /* main.m in Sources */,
				430243AE27E4E1F500540935 /* SceneDelegate.m in Sources */,
			);
			runOnlyForDeploymentPostprocessing = 0;
		};
/* End PBXSourcesBuildPhase section */

/* Begin PBXVariantGroup section */
		430243B227E4E1F600540935 /* Main.storyboard */ = {
			isa = PBXVariantGroup;
			children = (
				430243B327E4E1F600540935 /* Base */,
			);
			name = Main.storyboard;
			sourceTree = "<group>";
		};
		430243B727E4E1F900540935 /* LaunchScreen.storyboard */ = {
			isa = PBXVariantGroup;
			children = (
				430243B827E4E1F900540935 /* Base */,
			);
			name = LaunchScreen.storyboard;
			sourceTree = "<group>";
		};
/* End PBXVariantGroup section */

/* Begin XCBuildConfiguration section */
		430243BD27E4E1F900540935 /* Debug */ = {
			isa = XCBuildConfiguration;
			buildSettings = {
				ALWAYS_SEARCH_USER_PATHS = NO;
				CLANG_ANALYZER_NONNULL = YES;
				CLANG_ANALYZER_NUMBER_OBJECT_CONVERSION = YES_AGGRESSIVE;
				CLANG_CXX_LANGUAGE_STANDARD = "gnu++17";
				CLANG_ENABLE_MODULES = YES;
				CLANG_ENABLE_OBJC_ARC = YES;
				CLANG_ENABLE_OBJC_WEAK = YES;
				CLANG_WARN_BLOCK_CAPTURE_AUTORELEASING = YES;
				CLANG_WARN_BOOL_CONVERSION = YES;
				CLANG_WARN_COMMA = YES;
				CLANG_WARN_CONSTANT_CONVERSION = YES;
				CLANG_WARN_DEPRECATED_OBJC_IMPLEMENTATIONS = YES;
				CLANG_WARN_DIRECT_OBJC_ISA_USAGE = YES_ERROR;
				CLANG_WARN_DOCUMENTATION_COMMENTS = YES;
				CLANG_WARN_EMPTY_BODY = YES;
				CLANG_WARN_ENUM_CONVERSION = YES;
				CLANG_WARN_INFINITE_RECURSION = YES;
				CLANG_WARN_INT_CONVERSION = YES;
				CLANG_WARN_NON_LITERAL_NULL_CONVERSION = YES;
				CLANG_WARN_OBJC_IMPLICIT_RETAIN_SELF = YES;
				CLANG_WARN_OBJC_LITERAL_CONVERSION = YES;
				CLANG_WARN_OBJC_ROOT_CLASS = YES_ERROR;
				CLANG_WARN_QUOTED_INCLUDE_IN_FRAMEWORK_HEADER = YES;
				CLANG_WARN_RANGE_LOOP_ANALYSIS = YES;
				CLANG_WARN_STRICT_PROTOTYPES = YES;
				CLANG_WARN_SUSPICIOUS_MOVE = YES;
				CLANG_WARN_UNGUARDED_AVAILABILITY = YES_AGGRESSIVE;
				CLANG_WARN_UNREACHABLE_CODE = YES;
				CLANG_WARN__DUPLICATE_METHOD_MATCH = YES;
				COPY_PHASE_STRIP = NO;
				DEBUG_INFORMATION_FORMAT = dwarf;
				ENABLE_STRICT_OBJC_MSGSEND = YES;
				ENABLE_TESTABILITY = YES;
				GCC_C_LANGUAGE_STANDARD = gnu11;
				GCC_DYNAMIC_NO_PIC = NO;
				GCC_NO_COMMON_BLOCKS = YES;
				GCC_OPTIMIZATION_LEVEL = 0;
				GCC_PREPROCESSOR_DEFINITIONS = (
					"DEBUG=1",
					"$(inherited)",
				);
				GCC_WARN_64_TO_32_BIT_CONVERSION = YES;
				GCC_WARN_ABOUT_RETURN_TYPE = YES_ERROR;
				GCC_WARN_UNDECLARED_SELECTOR = YES;
				GCC_WARN_UNINITIALIZED_AUTOS = YES_AGGRESSIVE;
				GCC_WARN_UNUSED_FUNCTION = YES;
				GCC_WARN_UNUSED_VARIABLE = YES;
				IPHONEOS_DEPLOYMENT_TARGET = 15.4;
				MTL_ENABLE_DEBUG_INFO = INCLUDE_SOURCE;
				MTL_FAST_MATH = YES;
				ONLY_ACTIVE_ARCH = YES;
				SDKROOT = iphoneos;
			};
			name = Debug;
		};
		430243BE27E4E1F900540935 /* Release */ = {
			isa = XCBuildConfiguration;
			buildSettings = {
				ALWAYS_SEARCH_USER_PATHS = NO;
				CLANG_ANALYZER_NONNULL = YES;
				CLANG_ANALYZER_NUMBER_OBJECT_CONVERSION = YES_AGGRESSIVE;
				CLANG_CXX_LANGUAGE_STANDARD = "gnu++17";
				CLANG_ENABLE_MODULES = YES;
				CLANG_ENABLE_OBJC_ARC = YES;
				CLANG_ENABLE_OBJC_WEAK = YES;
				CLANG_WARN_BLOCK_CAPTURE_AUTORELEASING = YES;
				CLANG_WARN_BOOL_CONVERSION = YES;
				CLANG_WARN_COMMA = YES;
				CLANG_WARN_CONSTANT_CONVERSION = YES;
				CLANG_WARN_DEPRECATED_OBJC_IMPLEMENTATIONS = YES;
				CLANG_WARN_DIRECT_OBJC_ISA_USAGE = YES_ERROR;
				CLANG_WARN_DOCUMENTATION_COMMENTS = YES;
				CLANG_WARN_EMPTY_BODY = YES;
				CLANG_WARN_ENUM_CONVERSION = YES;
				CLANG_WARN_INFINITE_RECURSION = YES;
				CLANG_WARN_INT_CONVERSION = YES;
				CLANG_WARN_NON_LITERAL_NULL_CONVERSION = YES;
				CLANG_WARN_OBJC_IMPLICIT_RETAIN_SELF = YES;
				CLANG_WARN_OBJC_LITERAL_CONVERSION = YES;
				CLANG_WARN_OBJC_ROOT_CLASS = YES_ERROR;
				CLANG_WARN_QUOTED_INCLUDE_IN_FRAMEWORK_HEADER = YES;
				CLANG_WARN_RANGE_LOOP_ANALYSIS = YES;
				CLANG_WARN_STRICT_PROTOTYPES = YES;
				CLANG_WARN_SUSPICIOUS_MOVE = YES;
				CLANG_WARN_UNGUARDED_AVAILABILITY = YES_AGGRESSIVE;
				CLANG_WARN_UNREACHABLE_CODE = YES;
				CLANG_WARN__DUPLICATE_METHOD_MATCH = YES;
				COPY_PHASE_STRIP = NO;
				DEBUG_INFORMATION_FORMAT = "dwarf-with-dsym";
				ENABLE_NS_ASSERTIONS = NO;
				ENABLE_STRICT_OBJC_MSGSEND = YES;
				GCC_C_LANGUAGE_STANDARD = gnu11;
				GCC_NO_COMMON_BLOCKS = YES;
				GCC_WARN_64_TO_32_BIT_CONVERSION = YES;
				GCC_WARN_ABOUT_RETURN_TYPE = YES_ERROR;
				GCC_WARN_UNDECLARED_SELECTOR = YES;
				GCC_WARN_UNINITIALIZED_AUTOS = YES_AGGRESSIVE;
				GCC_WARN_UNUSED_FUNCTION = YES;
				GCC_WARN_UNUSED_VARIABLE = YES;
				IPHONEOS_DEPLOYMENT_TARGET = 15.4;
				MTL_ENABLE_DEBUG_INFO = NO;
				MTL_FAST_MATH = YES;
				SDKROOT = iphoneos;
				VALIDATE_PRODUCT = YES;
			};
			name = Release;
		};
		430243C027E4E1F900540935 /* Debug */ = {
			isa = XCBuildConfiguration;
			buildSettings = {
				ASSETCATALOG_COMPILER_APPICON_NAME = AppIcon;
				ASSETCATALOG_COMPILER_GLOBAL_ACCENT_COLOR_NAME = AccentColor;
				CODE_SIGN_STYLE = Automatic;
				CURRENT_PROJECT_VERSION = 1;
				DEVELOPMENT_TEAM = RPB3YH3629;
				GENERATE_INFOPLIST_FILE = YES;
				INFOPLIST_FILE = HWFishhookDemo/Info.plist;
				INFOPLIST_KEY_UIApplicationSupportsIndirectInputEvents = YES;
				INFOPLIST_KEY_UILaunchStoryboardName = LaunchScreen;
				INFOPLIST_KEY_UIMainStoryboardFile = Main;
				INFOPLIST_KEY_UISupportedInterfaceOrientations_iPad = "UIInterfaceOrientationPortrait UIInterfaceOrientationPortraitUpsideDown UIInterfaceOrientationLandscapeLeft UIInterfaceOrientationLandscapeRight";
				INFOPLIST_KEY_UISupportedInterfaceOrientations_iPhone = "UIInterfaceOrientationPortrait UIInterfaceOrientationLandscapeLeft UIInterfaceOrientationLandscapeRight";
				IPHONEOS_DEPLOYMENT_TARGET = 15.4;
				LD_RUNPATH_SEARCH_PATHS = (
					"$(inherited)",
					"@executable_path/Frameworks",
				);
				MARKETING_VERSION = 1.0;
				PRODUCT_BUNDLE_IDENTIFIER = com.helloworld.HWConcurrencyTest.HWFishhookDemo;
				PRODUCT_NAME = "$(TARGET_NAME)";
				SWIFT_EMIT_LOC_STRINGS = YES;
				TARGETED_DEVICE_FAMILY = "1,2";
			};
			name = Debug;
		};
		430243C127E4E1F900540935 /* Release */ = {
			isa = XCBuildConfiguration;
			buildSettings = {
				ASSETCATALOG_COMPILER_APPICON_NAME = AppIcon;
				ASSETCATALOG_COMPILER_GLOBAL_ACCENT_COLOR_NAME = AccentColor;
				CODE_SIGN_STYLE = Automatic;
				CURRENT_PROJECT_VERSION = 1;
				DEVELOPMENT_TEAM = RPB3YH3629;
				GENERATE_INFOPLIST_FILE = YES;
				INFOPLIST_FILE = HWFishhookDemo/Info.plist;
				INFOPLIST_KEY_UIApplicationSupportsIndirectInputEvents = YES;
				INFOPLIST_KEY_UILaunchStoryboardName = LaunchScreen;
				INFOPLIST_KEY_UIMainStoryboardFile = Main;
				INFOPLIST_KEY_UISupportedInterfaceOrientations_iPad = "UIInterfaceOrientationPortrait UIInterfaceOrientationPortraitUpsideDown UIInterfaceOrientationLandscapeLeft UIInterfaceOrientationLandscapeRight";
				INFOPLIST_KEY_UISupportedInterfaceOrientations_iPhone = "UIInterfaceOrientationPortrait UIInterfaceOrientationLandscapeLeft UIInterfaceOrientationLandscapeRight";
				IPHONEOS_DEPLOYMENT_TARGET = 15.4;
				LD_RUNPATH_SEARCH_PATHS = (
					"$(inherited)",
					"@executable_path/Frameworks",
				);
				MARKETING_VERSION = 1.0;
				PRODUCT_BUNDLE_IDENTIFIER = com.helloworld.HWConcurrencyTest.HWFishhookDemo;
				PRODUCT_NAME = "$(TARGET_NAME)";
				SWIFT_EMIT_LOC_STRINGS = YES;
				TARGETED_DEVICE_FAMILY = "1,2";
			};
			name = Release;
		};
/* End XCBuildConfiguration section */

/* Begin XCConfigurationList section */
		430243A127E4E1F500540935 /* Build configuration list for PBXProject "HWFishhookDemo" */ = {
			isa = XCConfigurationList;
			buildConfigurations = (
				430243BD27E4E1F900540935 /* Debug */,
				430243BE27E4E1F900540935 /* Release */,
			);
			defaultConfigurationIsVisible = 0;
			defaultConfigurationName = Release;
		};
		430243BF27E4E1F900540935 /* Build configuration list for PBXNativeTarget "HWFishhookDemo" */ = {
			isa = XCConfigurationList;
			buildConfigurations = (
				430243C027E4E1F900540935 /* Debug */,
				430243C127E4E1F900540935 /* Release */,
			);
			defaultConfigurationIsVisible = 0;
			defaultConfigurationName = Release;
		};
/* End XCConfigurationList section */
	};
	rootObject = 4302439E27E4E1F500540935 /* Project object */;
}
